
Microsoft Visual Studio Solution File, Format Version 12.00
# Visual Studio 15
VisualStudioVersion = 15.0.26124.0
MinimumVisualStudioVersion = 15.0.26124.0
Project("{FAE04EC0-301F-11D3-BF4B-00C04F79EFBC}") = "ProAgil.API", "ProAgil.API\ProAgil.API.csproj", "{726AD769-3FF8-4301-9894-1F655335FDE2}"
EndProject
Project("{FAE04EC0-301F-11D3-BF4B-00C04F79EFBC}") = "ProAgil.Repository", "ProAgil.Repository\ProAgil.Repository.csproj", "{BFB925EE-0AE0-488D-9566-A4505A41BFB7}"
EndProject
Project("{FAE04EC0-301F-11D3-BF4B-00C04F79EFBC}") = "ProAgil.Domain", "ProAgil.Domain\ProAgil.Domain.csproj", "{88AE7229-6953-4A61-9855-7499597150AD}"
EndProject
Global
	GlobalSection(SolutionConfigurationPlatforms) = preSolution
		Debug|Any CPU = Debug|Any CPU
		Debug|x64 = Debug|x64
		Debug|x86 = Debug|x86
		Release|Any CPU = Release|Any CPU
		Release|x64 = Release|x64
		Release|x86 = Release|x86
	EndGlobalSection
	GlobalSection(SolutionProperties) = preSolution
		HideSolutionNode = FALSE
	EndGlobalSection
	GlobalSection(ProjectConfigurationPlatforms) = postSolution
		{726AD769-3FF8-4301-9894-1F655335FDE2}.Debug|Any CPU.ActiveCfg = Debug|Any CPU
		{726AD769-3FF8-4301-9894-1F655335FDE2}.Debug|Any CPU.Build.0 = Debug|Any CPU
		{726AD769-3FF8-4301-9894-1F655335FDE2}.Debug|x64.ActiveCfg = Debug|Any CPU
		{726AD769-3FF8-4301-9894-1F655335FDE2}.Debug|x64.Build.0 = Debug|Any CPU
		{726AD769-3FF8-4301-9894-1F655335FDE2}.Debug|x86.ActiveCfg = Debug|Any CPU
		{726AD769-3FF8-4301-9894-1F655335FDE2}.Debug|x86.Build.0 = Debug|Any CPU
		{726AD769-3FF8-4301-9894-1F655335FDE2}.Release|Any CPU.ActiveCfg = Release|Any CPU
		{726AD769-3FF8-4301-9894-1F655335FDE2}.Release|Any CPU.Build.0 = Release|Any CPU
		{726AD769-3FF8-4301-9894-1F655335FDE2}.Release|x64.ActiveCfg = Release|Any CPU
		{726AD769-3FF8-4301-9894-1F655335FDE2}.Release|x64.Build.0 = Release|Any CPU
		{726AD769-3FF8-4301-9894-1F655335FDE2}.Release|x86.ActiveCfg = Release|Any CPU
		{726AD769-3FF8-4301-9894-1F655335FDE2}.Release|x86.Build.0 = Release|Any CPU
		{BFB925EE-0AE0-488D-9566-A4505A41BFB7}.Debug|Any CPU.ActiveCfg = Debug|Any CPU
		{BFB925EE-0AE0-488D-9566-A4505A41BFB7}.Debug|Any CPU.Build.0 = Debug|Any CPU
		{BFB925EE-0AE0-488D-9566-A4505A41BFB7}.Debug|x64.ActiveCfg = Debug|Any CPU
		{BFB925EE-0AE0-488D-9566-A4505A41BFB7}.Debug|x64.Build.0 = Debug|Any CPU
		{BFB925EE-0AE0-488D-9566-A4505A41BFB7}.Debug|x86.ActiveCfg = Debug|Any CPU
		{BFB925EE-0AE0-488D-9566-A4505A41BFB7}.Debug|x86.Build.0 = Debug|Any CPU
		{BFB925EE-0AE0-488D-9566-A4505A41BFB7}.Release|Any CPU.ActiveCfg = Release|Any CPU
		{BFB925EE-0AE0-488D-9566-A4505A41BFB7}.Release|Any CPU.Build.0 = Release|Any CPU
		{BFB925EE-0AE0-488D-9566-A4505A41BFB7}.Release|x64.ActiveCfg = Release|Any CPU
		{BFB925EE-0AE0-488D-9566-A4505A41BFB7}.Release|x64.Build.0 = Release|Any CPU
		{BFB925EE-0AE0-488D-9566-A4505A41BFB7}.Release|x86.ActiveCfg = Release|Any CPU
		{BFB925EE-0AE0-488D-9566-A4505A41BFB7}.Release|x86.Build.0 = Release|Any CPU
		{88AE7229-6953-4A61-9855-7499597150AD}.Debug|Any CPU.ActiveCfg = Debug|Any CPU
		{88AE7229-6953-4A61-9855-7499597150AD}.Debug|Any CPU.Build.0 = Debug|Any CPU
		{88AE7229-6953-4A61-9855-7499597150AD}.Debug|x64.ActiveCfg = Debug|Any CPU
		{88AE7229-6953-4A61-9855-7499597150AD}.Debug|x64.Build.0 = Debug|Any CPU
		{88AE7229-6953-4A61-9855-7499597150AD}.Debug|x86.ActiveCfg = Debug|Any CPU
		{88AE7229-6953-4A61-9855-7499597150AD}.Debug|x86.Build.0 = Debug|Any CPU
		{88AE7229-6953-4A61-9855-7499597150AD}.Release|Any CPU.ActiveCfg = Release|Any CPU
		{88AE7229-6953-4A61-9855-7499597150AD}.Release|Any CPU.Build.0 = Release|Any CPU
		{88AE7229-6953-4A61-9855-7499597150AD}.Release|x64.ActiveCfg = Release|Any CPU
		{88AE7229-6953-4A61-9855-7499597150AD}.Release|x64.Build.0 = Release|Any CPU
		{88AE7229-6953-4A61-9855-7499597150AD}.Release|x86.ActiveCfg = Release|Any CPU
		{88AE7229-6953-4A61-9855-7499597150AD}.Release|x86.Build.0 = Release|Any CPU
	EndGlobalSection
EndGlobal
